
Microsoft Visual Studio Solution File, Format Version 12.00
# Visual Studio Version 16
VisualStudioVersion = 16.0.31911.196
MinimumVisualStudioVersion = 10.0.40219.1
Project("{9A19103F-16F7-4668-BE54-9A1E7A4F7556}") = "TestApplication", "TestApplication\TestApplication.csproj", "{C793EEA9-D770-410A-859A-C849291B1A51}"
EndProject
Project("{2150E333-8FDC-42A3-9474-1A3956D46DE8}") = "1 - Presentation", "1 - Presentation", "{0D4D6487-48B4-42D7-B5C5-34C3EABF5B7F}"
EndProject
Project("{2150E333-8FDC-42A3-9474-1A3956D46DE8}") = "2 - Application", "2 - Application", "{FD4D11DD-22C7-4614-B47D-B23EA1FC74B8}"
EndProject
Project("{2150E333-8FDC-42A3-9474-1A3956D46DE8}") = "3 - Domain", "3 - Domain", "{E67FBD8D-A643-498D-AA36-9E63EDA7BB17}"
EndProject
Project("{2150E333-8FDC-42A3-9474-1A3956D46DE8}") = "4 - Infra", "4 - Infra", "{3ABB9190-282C-48E7-A6DC-DDA04D285AD8}"
EndProject
Project("{9A19103F-16F7-4668-BE54-9A1E7A4F7556}") = "TestApplication.Application", "TestApplication.Application\TestApplication.Application.csproj", "{FB042714-901F-46BD-9E9F-DA0A90343B54}"
EndProject
Project("{9A19103F-16F7-4668-BE54-9A1E7A4F7556}") = "TestApplication.Domain", "TestApplication.Domain\TestApplication.Domain.csproj", "{AE09CDD7-D2F5-40DB-9611-BBD1B1A06E18}"
EndProject
Project("{2150E333-8FDC-42A3-9474-1A3956D46DE8}") = "5 - Tests", "5 - Tests", "{9066D00C-6CFD-4C85-81C7-17446EBAC047}"
EndProject
Project("{9A19103F-16F7-4668-BE54-9A1E7A4F7556}") = "TestApplication.Infra", "TestApplication.Infra\TestApplication.Infra.csproj", "{9E33E6BA-6C82-4287-A2BC-1BB2E56842D6}"
EndProject
Project("{FAE04EC0-301F-11D3-BF4B-00C04F79EFBC}") = "TestApplication.Test", "TestApplication.Test\TestApplication.Test.csproj", "{6C0EDFF1-F028-4B55-91D9-74594F920908}"
EndProject
Global
	GlobalSection(SolutionConfigurationPlatforms) = preSolution
		Debug|Any CPU = Debug|Any CPU
		Release|Any CPU = Release|Any CPU
	EndGlobalSection
	GlobalSection(ProjectConfigurationPlatforms) = postSolution
		{C793EEA9-D770-410A-859A-C849291B1A51}.Debug|Any CPU.ActiveCfg = Debug|Any CPU
		{C793EEA9-D770-410A-859A-C849291B1A51}.Debug|Any CPU.Build.0 = Debug|Any CPU
		{C793EEA9-D770-410A-859A-C849291B1A51}.Release|Any CPU.ActiveCfg = Release|Any CPU
		{C793EEA9-D770-410A-859A-C849291B1A51}.Release|Any CPU.Build.0 = Release|Any CPU
		{FB042714-901F-46BD-9E9F-DA0A90343B54}.Debug|Any CPU.ActiveCfg = Debug|Any CPU
		{FB042714-901F-46BD-9E9F-DA0A90343B54}.Debug|Any CPU.Build.0 = Debug|Any CPU
		{FB042714-901F-46BD-9E9F-DA0A90343B54}.Release|Any CPU.ActiveCfg = Release|Any CPU
		{FB042714-901F-46BD-9E9F-DA0A90343B54}.Release|Any CPU.Build.0 = Release|Any CPU
		{AE09CDD7-D2F5-40DB-9611-BBD1B1A06E18}.Debug|Any CPU.ActiveCfg = Debug|Any CPU
		{AE09CDD7-D2F5-40DB-9611-BBD1B1A06E18}.Debug|Any CPU.Build.0 = Debug|Any CPU
		{AE09CDD7-D2F5-40DB-9611-BBD1B1A06E18}.Release|Any CPU.ActiveCfg = Release|Any CPU
		{AE09CDD7-D2F5-40DB-9611-BBD1B1A06E18}.Release|Any CPU.Build.0 = Release|Any CPU
		{9E33E6BA-6C82-4287-A2BC-1BB2E56842D6}.Debug|Any CPU.ActiveCfg = Debug|Any CPU
		{9E33E6BA-6C82-4287-A2BC-1BB2E56842D6}.Debug|Any CPU.Build.0 = Debug|Any CPU
		{9E33E6BA-6C82-4287-A2BC-1BB2E56842D6}.Release|Any CPU.ActiveCfg = Release|Any CPU
		{9E33E6BA-6C82-4287-A2BC-1BB2E56842D6}.Release|Any CPU.Build.0 = Release|Any CPU
		{6C0EDFF1-F028-4B55-91D9-74594F920908}.Debug|Any CPU.ActiveCfg = Debug|Any CPU
		{6C0EDFF1-F028-4B55-91D9-74594F920908}.Debug|Any CPU.Build.0 = Debug|Any CPU
		{6C0EDFF1-F028-4B55-91D9-74594F920908}.Release|Any CPU.ActiveCfg = Release|Any CPU
		{6C0EDFF1-F028-4B55-91D9-74594F920908}.Release|Any CPU.Build.0 = Release|Any CPU
	EndGlobalSection
	GlobalSection(SolutionProperties) = preSolution
		HideSolutionNode = FALSE
	EndGlobalSection
	GlobalSection(NestedProjects) = preSolution
		{C793EEA9-D770-410A-859A-C849291B1A51} = {0D4D6487-48B4-42D7-B5C5-34C3EABF5B7F}
		{FB042714-901F-46BD-9E9F-DA0A90343B54} = {FD4D11DD-22C7-4614-B47D-B23EA1FC74B8}
		{AE09CDD7-D2F5-40DB-9611-BBD1B1A06E18} = {E67FBD8D-A643-498D-AA36-9E63EDA7BB17}
		{9E33E6BA-6C82-4287-A2BC-1BB2E56842D6} = {3ABB9190-282C-48E7-A6DC-DDA04D285AD8}
		{6C0EDFF1-F028-4B55-91D9-74594F920908} = {9066D00C-6CFD-4C85-81C7-17446EBAC047}
	EndGlobalSection
	GlobalSection(ExtensibilityGlobals) = postSolution
		SolutionGuid = {E7C68B81-3A0D-4E9E-9B0D-3ECFA025E13C}
	EndGlobalSection
EndGlobal
